# This file is automatically @generated by Poetry 1.5.1 and should not be changed by hand.

[[package]]
name = "advent-of-code-data"
version = "2.0.1"
description = "Get your puzzle data with a single import"
optional = false
python-versions = ">=3.9"
files = [
    {file = "advent-of-code-data-2.0.1.tar.gz", hash = "sha256:b5f5fd84a25124633a444916a9ac8a424e8cbd7f346a68ccb34dc1f3460d2b9e"},
    {file = "advent_of_code_data-2.0.1-py3-none-any.whl", hash = "sha256:a9ab6dcd1c39df17b7b33e7f2baa187d85c89c59f4ad15cfdbc00e18144251ad"},
]

[package.dependencies]
aocd-example-parser = ">=2023.2"
beautifulsoup4 = "*"
pebble = "*"
tzdata = {version = "*", markers = "platform_system == \"Windows\""}
urllib3 = "*"

[package.extras]
nb = ["IPython", "jupyter-server"]

[[package]]
name = "aocd-example-parser"
version = "2023.12.12"
description = "Implementation of example parser plugins for advent-of-code-data"
optional = false
python-versions = ">=3.9"
files = [
    {file = "aocd_example_parser-2023.12.12-py3-none-any.whl", hash = "sha256:8be9d15dc2775f402d8c7edb1aff7ed59deb3c1ba4de9ffe4a0c96f9b5ffe3c3"},
    {file = "aocd_example_parser-2023.12.12.tar.gz", hash = "sha256:f1efc6e5ec199b28a88557cabda6181982b94ce205f719ac7656cac6617c9e2f"},
]

[[package]]
name = "beautifulsoup4"
version = "4.12.2"
description = "Screen-scraping library"
optional = false
python-versions = ">=3.6.0"
files = [
    {file = "beautifulsoup4-4.12.2-py3-none-any.whl", hash = "sha256:bd2520ca0d9d7d12694a53d44ac482d181b4ec1888909b035a3dbf40d0f57d4a"},
    {file = "beautifulsoup4-4.12.2.tar.gz", hash = "sha256:492bbc69dca35d12daac71c4db1bfff0c876c00ef4a2ffacce226d4638eb72da"},
]

[package.dependencies]
soupsieve = ">1.2"

[package.extras]
html5lib = ["html5lib"]
lxml = ["lxml"]

[[package]]
name = "pebble"
version = "5.0.5"
description = "Threading and multiprocessing eye-candy."
optional = false
python-versions = ">=3.6"
files = [
    {file = "Pebble-5.0.5-py3-none-any.whl", hash = "sha256:18e2d33aa5f128e0c2a813fb314605628b8bd2007e5f626464b1cd13345ae89f"},
    {file = "Pebble-5.0.5.tar.gz", hash = "sha256:3759c33256fa8d7bba044761f96225da411268cc4cf4a200f9e7b187763e16a5"},
]

[[package]]
name = "ptvsd"
version = "4.3.2"
description = "Remote debugging server for Python support in Visual Studio and Visual Studio Code"
optional = false
python-versions = ">=2.7,!=3.0.*,!=3.1.*,!=3.2.*,!=3.3.*"
files = [
    {file = "ptvsd-4.3.2-cp27-cp27m-macosx_10_13_x86_64.whl", hash = "sha256:22b699369a18ff28d4d1aa6a452739e50c7b7790cb16c6312d766e023c12fe27"},
    {file = "ptvsd-4.3.2-cp27-cp27m-manylinux1_i686.whl", hash = "sha256:3f839fe91d9ddca0d6a3a0afd6a1c824be1768498a737ab9333d084c5c3f3591"},
    {file = "ptvsd-4.3.2-cp27-cp27m-manylinux1_x86_64.whl", hash = "sha256:70260b4591c07bff95566d49b6a5dc3051d8558035c43c847bad9a954def46bb"},
    {file = "ptvsd-4.3.2-cp27-cp27mu-manylinux1_i686.whl", hash = "sha256:d2662ec37ee049c0f8f2f9a378abeb7e570d9215c19eaf0a6d7189464195009f"},
    {file = "ptvsd-4.3.2-cp27-cp27mu-manylinux1_x86_64.whl", hash = "sha256:d9337ebba4d099698982e090b203e85670086c4b29cf1185b2e45cd353a8053e"},
    {file = "ptvsd-4.3.2-cp34-cp34m-macosx_10_13_x86_64.whl", hash = "sha256:cf09fd4d90c4c42ddd9bf853290f1a80bc2128993a3923bd3b96b68cc1acd03f"},
    {file = "ptvsd-4.3.2-cp34-cp34m-manylinux1_i686.whl", hash = "sha256:ccc5c533135305709461f545feed5061c608714db38fa0f58e3f848a127b7fde"},
    {file = "ptvsd-4.3.2-cp34-cp34m-manylinux1_x86_64.whl", hash = "sha256:de5234bec74c47da668e1a1a21bcc9821af0cbb28b5153df78cd5abc744b29a2"},
    {file = "ptvsd-4.3.2-cp35-cp35m-macosx_10_13_x86_64.whl", hash = "sha256:c893fb9d1c2ef8f980cc00ced3fd90356f86d9f59b58ee97e0e7e622b8860f76"},
    {file = "ptvsd-4.3.2-cp35-cp35m-manylinux1_i686.whl", hash = "sha256:2bbc121bce3608501998afbe742f02b80e7d26b8fecd38f78b903f22f52a81d9"},
    {file = "ptvsd-4.3.2-cp35-cp35m-manylinux1_x86_64.whl", hash = "sha256:fad06de012a78f277318d0c308dd3d7cc1f67167f3b2e1e2f7c6caf04c03440c"},
    {file = "ptvsd-4.3.2-cp35-cp35m-win32.whl", hash = "sha256:92d26aa7c8f7ffe41cb4b50a00846027027fa17acdf2d9dd8c24de77b25166c6"},
    {file = "ptvsd-4.3.2-cp35-cp35m-win_amd64.whl", hash = "sha256:eda10ecd43daacc180a6fbe524992be76a877c3559e2b78016b4ada8fec10273"},
    {file = "ptvsd-4.3.2-cp36-cp36m-macosx_10_13_x86_64.whl", hash = "sha256:c01204e3f025c3f7252c79c1a8a028246d29e3ef339e1a01ddf652999f47bdea"},
    {file = "ptvsd-4.3.2-cp36-cp36m-manylinux1_i686.whl", hash = "sha256:c97c71835dde7e67fc7b06398bee1c012559a0784ebda9cf8acaf176c7ae766c"},
    {file = "ptvsd-4.3.2-cp36-cp36m-manylinux1_x86_64.whl", hash = "sha256:612948a045fcf9c8931cd306972902440278f34de7ca684b49d4caeec9f1ec62"},
    {file = "ptvsd-4.3.2-cp36-cp36m-win32.whl", hash = "sha256:72d114baa5737baf29c8068d1ccdd93cbb332d2030601c888eed0e3761b588d7"},
    {file = "ptvsd-4.3.2-cp36-cp36m-win_amd64.whl", hash = "sha256:58508485a1609a495dd45829bd6d219303cf9edef5ca1f01a9ed8ffaa87f390c"},
    {file = "ptvsd-4.3.2-cp37-cp37m-macosx_10_13_x86_64.whl", hash = "sha256:20f48ffed42a6beb879c250d82662e175ad59cc46a29c95c6a4472ae413199c5"},
    {file = "ptvsd-4.3.2-cp37-cp37m-manylinux1_i686.whl", hash = "sha256:b9970e3dc987eb2a6001af6c9d2f726dd6455cfc6d47e0f51925cbdee7ea2157"},
    {file = "ptvsd-4.3.2-cp37-cp37m-manylinux1_x86_64.whl", hash = "sha256:1d3d82ecc82186d099992a748556e6e54037f5c5e4d3fc9bba3e2302354be0d4"},
    {file = "ptvsd-4.3.2-cp37-cp37m-win32.whl", hash = "sha256:10745fbb788001959b4de405198d8bd5243611a88fb5a2e2c6800245bc0ddd74"},
    {file = "ptvsd-4.3.2-cp37-cp37m-win_amd64.whl", hash = "sha256:90cbd082e7a9089664888d0d94aca760202f080133fca8f3fe65c48ed6b9e39d"},
    {file = "ptvsd-4.3.2-py2.py3-none-any.whl", hash = "sha256:459137736068bb02515040b2ed2738169cb30d69a38e0fd5dffcba255f41e68d"},
    {file = "ptvsd-4.3.2.zip", hash = "sha256:3b05c06018fdbce5943c50fb0baac695b5c11326f9e21a5266c854306bda28ab"},
]

[[package]]
name = "soupsieve"
version = "2.5"
description = "A modern CSS selector implementation for Beautiful Soup."
optional = false
python-versions = ">=3.8"
files = [
    {file = "soupsieve-2.5-py3-none-any.whl", hash = "sha256:eaa337ff55a1579b6549dc679565eac1e3d000563bcb1c8ab0d0fefbc0c2cdc7"},
    {file = "soupsieve-2.5.tar.gz", hash = "sha256:5663d5a7b3bfaeee0bc4372e7fc48f9cff4940b3eec54a6451cc5299f1097690"},
]

[[package]]
name = "tzdata"
version = "2023.3"
description = "Provider of IANA time zone data"
optional = false
python-versions = ">=2"
files = [
    {file = "tzdata-2023.3-py2.py3-none-any.whl", hash = "sha256:7e65763eef3120314099b6939b5546db7adce1e7d6f2e179e3df563c70511eda"},
    {file = "tzdata-2023.3.tar.gz", hash = "sha256:11ef1e08e54acb0d4f95bdb1be05da659673de4acbd21bf9c69e94cc5e907a3a"},
]

[[package]]
name = "urllib3"
version = "2.1.0"
description = "HTTP library with thread-safe connection pooling, file post, and more."
optional = false
python-versions = ">=3.8"
files = [
    {file = "urllib3-2.1.0-py3-none-any.whl", hash = "sha256:55901e917a5896a349ff771be919f8bd99aff50b79fe58fec595eb37bbc56bb3"},
    {file = "urllib3-2.1.0.tar.gz", hash = "sha256:df7aa8afb0148fa78488e7899b2c59b5f4ffcfa82e6c54ccb9dd37c1d7b52d54"},
]

[package.extras]
brotli = ["brotli (>=1.0.9)", "brotlicffi (>=0.8.0)"]
socks = ["pysocks (>=1.5.6,!=1.5.7,<2.0)"]
zstd = ["zstandard (>=0.18.0)"]

[metadata]
lock-version = "2.0"
python-versions = "^3.10"
content-hash = "4a69a9d4cdf106cf35dba38ce24049224f95d22b766c7b949d2e5aacdb5f8f32"
